// !$*UTF8*$!
{
	archiveVersion = 1;
	classes = {
	};
	objectVersion = 50;
	objects = {

/* Begin PBXBuildFile section */
		44C8B9E3222320A2009A5A63 /* PlanetNames.swift in Sources */ = {isa = PBXBuildFile; fileRef = 44C8B9E2222320A2009A5A63 /* PlanetNames.swift */; };
		44FED5AF2217BCE1002EA539 /* AppDelegate.swift in Sources */ = {isa = PBXBuildFile; fileRef = 44FED5AE2217BCE1002EA539 /* AppDelegate.swift */; };
		44FED5B12217BCE1002EA539 /* ViewController.swift in Sources */ = {isa = PBXBuildFile; fileRef = 44FED5B02217BCE1002EA539 /* ViewController.swift */; };
		44FED5B42217BCE1002EA539 /* Main.storyboard in Resources */ = {isa = PBXBuildFile; fileRef = 44FED5B22217BCE1002EA539 /* Main.storyboard */; };
		44FED5B62217BCE2002EA539 /* Assets.xcassets in Resources */ = {isa = PBXBuildFile; fileRef = 44FED5B52217BCE2002EA539 /* Assets.xcassets */; };
		44FED5B92217BCE2002EA539 /* LaunchScreen.storyboard in Resources */ = {isa = PBXBuildFile; fileRef = 44FED5B72217BCE2002EA539 /* LaunchScreen.storyboard */; };
		44FED5C12217CB06002EA539 /* Integer.swift in Sources */ = {isa = PBXBuildFile; fileRef = 44FED5C02217CB06002EA539 /* Integer.swift */; };
/* End PBXBuildFile section */

/* Begin PBXFileReference section */
		44C8B9E2222320A2009A5A63 /* PlanetNames.swift */ = {isa = PBXFileReference; lastKnownFileType = sourcecode.swift; path = PlanetNames.swift; sourceTree = "<group>"; };
		44FED5AB2217BCE1002EA539 /* Planets.app */ = {isa = PBXFileReference; explicitFileType = wrapper.application; includeInIndex = 0; path = Planets.app; sourceTree = BUILT_PRODUCTS_DIR; };
		44FED5AE2217BCE1002EA539 /* AppDelegate.swift */ = {isa = PBXFileReference; lastKnownFileType = sourcecode.swift; path = AppDelegate.swift; sourceTree = "<group>"; };
		44FED5B02217BCE1002EA539 /* ViewController.swift */ = {isa = PBXFileReference; lastKnownFileType = sourcecode.swift; path = ViewController.swift; sourceTree = "<group>"; };
		44FED5B32217BCE1002EA539 /* Base */ = {isa = PBXFileReference; lastKnownFileType = file.storyboard; name = Base; path = Base.lproj/Main.storyboard; sourceTree = "<group>"; };
		44FED5B52217BCE2002EA539 /* Assets.xcassets */ = {isa = PBXFileReference; lastKnownFileType = folder.assetcatalog; path = Assets.xcassets; sourceTree = "<group>"; };
		44FED5B82217BCE2002EA539 /* Base */ = {isa = PBXFileReference; lastKnownFileType = file.storyboard; name = Base; path = Base.lproj/LaunchScreen.storyboard; sourceTree = "<group>"; };
		44FED5BA2217BCE2002EA539 /* Info.plist */ = {isa = PBXFileReference; lastKnownFileType = text.plist.xml; path = Info.plist; sourceTree = "<group>"; };
		44FED5C02217CB06002EA539 /* Integer.swift */ = {isa = PBXFileReference; lastKnownFileType = sourcecode.swift; path = Integer.swift; sourceTree = "<group>"; };
/* End PBXFileReference section */

/* Begin PBXFrameworksBuildPhase section */
		44FED5A82217BCE1002EA539 /* Frameworks */ = {
			isa = PBXFrameworksBuildPhase;
			buildActionMask = 2147483647;
			files = (
			);
			runOnlyForDeploymentPostprocessing = 0;
		};
/* End PBXFrameworksBuildPhase section */

/* Begin PBXGroup section */
		44FED5A22217BCE1002EA539 = {
			isa = PBXGroup;
			children = (
				44FED5AD2217BCE1002EA539 /* Planets */,
				44FED5AC2217BCE1002EA539 /* Products */,
			);
			sourceTree = "<group>";
		};
		44FED5AC2217BCE1002EA539 /* Products */ = {
			isa = PBXGroup;
			children = (
				44FED5AB2217BCE1002EA539 /* Planets.app */,
			);
			name = Products;
			sourceTree = "<group>";
		};
		44FED5AD2217BCE1002EA539 /* Planets */ = {
			isa = PBXGroup;
			children = (
				44FED5BA2217BCE2002EA539 /* Info.plist */,
				44FED5AE2217BCE1002EA539 /* AppDelegate.swift */,
				44FED5B02217BCE1002EA539 /* ViewController.swift */,
				44FED5B22217BCE1002EA539 /* Main.storyboard */,
				44FED5C22217CB14002EA539 /* Resources */,
				44FED5C32217CB21002EA539 /* Extensions */,
				44C8B9E2222320A2009A5A63 /* PlanetNames.swift */,
			);
			path = Planets;
			sourceTree = "<group>";
		};
		44FED5C22217CB14002EA539 /* Resources */ = {
			isa = PBXGroup;
			children = (
				44FED5B52217BCE2002EA539 /* Assets.xcassets */,
				44FED5B72217BCE2002EA539 /* LaunchScreen.storyboard */,
			);
			path = Resources;
			sourceTree = "<group>";
		};
		44FED5C32217CB21002EA539 /* Extensions */ = {
			isa = PBXGroup;
			children = (
				44FED5C02217CB06002EA539 /* Integer.swift */,
			);
			path = Extensions;
			sourceTree = "<group>";
		};
/* End PBXGroup section */

/* Begin PBXNativeTarget section */
		44FED5AA2217BCE1002EA539 /* Planets */ = {
			isa = PBXNativeTarget;
			buildConfigurationList = 44FED5BD2217BCE2002EA539 /* Build configuration list for PBXNativeTarget "Planets" */;
			buildPhases = (
				44FED5A72217BCE1002EA539 /* Sources */,
				44FED5A82217BCE1002EA539 /* Frameworks */,
				44FED5A92217BCE1002EA539 /* Resources */,
			);
			buildRules = (
			);
			dependencies = (
			);
			name = Planets;
			productName = Planets;
			productReference = 44FED5AB2217BCE1002EA539 /* Planets.app */;
			productType = "com.apple.product-type.application";
		};
/* End PBXNativeTarget section */

/* Begin PBXProject section */
		44FED5A32217BCE1002EA539 /* Project object */ = {
			isa = PBXProject;
			attributes = {
				LastSwiftUpdateCheck = 1010;
				LastUpgradeCheck = 1010;
				ORGANIZATIONNAME = Eugene;
				TargetAttributes = {
					44FED5AA2217BCE1002EA539 = {
						CreatedOnToolsVersion = 10.1;
					};
				};
			};
			buildConfigurationList = 44FED5A62217BCE1002EA539 /* Build configuration list for PBXProject "Planets" */;
			compatibilityVersion = "Xcode 9.3";
			developmentRegion = en;
			hasScannedForEncodings = 0;
			knownRegions = (
				en,
				Base,
			);
			mainGroup = 44FED5A22217BCE1002EA539;
			productRefGroup = 44FED5AC2217BCE1002EA539 /* Products */;
			projectDirPath = "";
			projectRoot = "";
			targets = (
				44FED5AA2217BCE1002EA539 /* Planets */,
			);
		};
/* End PBXProject section */

/* Begin PBXResourcesBuildPhase section */
		44FED5A92217BCE1002EA539 /* Resources */ = {
			isa = PBXResourcesBuildPhase;
			buildActionMask = 2147483647;
			files = (
				44FED5B92217BCE2002EA539 /* LaunchScreen.storyboard in Resources */,
				44FED5B62217BCE2002EA539 /* Assets.xcassets in Resources */,
				44FED5B42217BCE1002EA539 /* Main.storyboard in Resources */,
			);
			runOnlyForDeploymentPostprocessing = 0;
		};
/* End PBXResourcesBuildPhase section */

/* Begin PBXSourcesBuildPhase section */
		44FED5A72217BCE1002EA539 /* Sources */ = {
			isa = PBXSourcesBuildPhase;
			buildActionMask = 2147483647;
			files = (
				44C8B9E3222320A2009A5A63 /* PlanetNames.swift in Sources */,
				44FED5C12217CB06002EA539 /* Integer.swift in Sources */,
				44FED5B12217BCE1002EA539 /* ViewController.swift in Sources */,
				44FED5AF2217BCE1002EA539 /* AppDelegate.swift in Sources */,
			);
			runOnlyForDeploymentPostprocessing = 0;
		};
/* End PBXSourcesBuildPhase section */

/* Begin PBXVariantGroup section */
		44FED5B22217BCE1002EA539 /* Main.storyboard */ = {
			isa = PBXVariantGroup;
			children = (
				44FED5B32217BCE1002EA539 /* Base */,
			);
			name = Main.storyboard;
			sourceTree = "<group>";
		};
		44FED5B72217BCE2002EA539 /* LaunchScreen.storyboard */ = {
			isa = PBXVariantGroup;
			children = (
				44FED5B82217BCE2002EA539 /* Base */,
			);
			name = LaunchScreen.storyboard;
			sourceTree = "<group>";
		};
/* End PBXVariantGroup section */

/* Begin XCBuildConfiguration section */
		44FED5BB2217BCE2002EA539 /* Debug */ = {
			isa = XCBuildConfiguration;
			buildSettings = {
				ALWAYS_SEARCH_USER_PATHS = NO;
				CLANG_ANALYZER_NONNULL = YES;
				CLANG_ANALYZER_NUMBER_OBJECT_CONVERSION = YES_AGGRESSIVE;
				CLANG_CXX_LANGUAGE_STANDARD = "gnu++14";
				CLANG_CXX_LIBRARY = "libc++";
				CLANG_ENABLE_MODULES = YES;
				CLANG_ENABLE_OBJC_ARC = YES;
				CLANG_ENABLE_OBJC_WEAK = YES;
				CLANG_WARN_BLOCK_CAPTURE_AUTORELEASING = YES;
				CLANG_WARN_BOOL_CONVERSION = YES;
				CLANG_WARN_COMMA = YES;
				CLANG_WARN_CONSTANT_CONVERSION = YES;
				CLANG_WARN_DEPRECATED_OBJC_IMPLEMENTATIONS = YES;
				CLANG_WARN_DIRECT_OBJC_ISA_USAGE = YES_ERROR;
				CLANG_WARN_DOCUMENTATION_COMMENTS = YES;
				CLANG_WARN_EMPTY_BODY = YES;
				CLANG_WARN_ENUM_CONVERSION = YES;
				CLANG_WARN_INFINITE_RECURSION = YES;
				CLANG_WARN_INT_CONVERSION = YES;
				CLANG_WARN_NON_LITERAL_NULL_CONVERSION = YES;
				CLANG_WARN_OBJC_IMPLICIT_RETAIN_SELF = YES;
				CLANG_WARN_OBJC_LITERAL_CONVERSION = YES;
				CLANG_WARN_OBJC_ROOT_CLASS = YES_ERROR;
				CLANG_WARN_RANGE_LOOP_ANALYSIS = YES;
				CLANG_WARN_STRICT_PROTOTYPES = YES;
				CLANG_WARN_SUSPICIOUS_MOVE = YES;
				CLANG_WARN_UNGUARDED_AVAILABILITY = YES_AGGRESSIVE;
				CLANG_WARN_UNREACHABLE_CODE = YES;
				CLANG_WARN__DUPLICATE_METHOD_MATCH = YES;
				CODE_SIGN_IDENTITY = "iPhone Developer";
				COPY_PHASE_STRIP = NO;
				DEBUG_INFORMATION_FORMAT = dwarf;
				ENABLE_STRICT_OBJC_MSGSEND = YES;
				ENABLE_TESTABILITY = YES;
				GCC_C_LANGUAGE_STANDARD = gnu11;
				GCC_DYNAMIC_NO_PIC = NO;
				GCC_NO_COMMON_BLOCKS = YES;
				GCC_OPTIMIZATION_LEVEL = 0;
				GCC_PREPROCESSOR_DEFINITIONS = (
					"DEBUG=1",
					"$(inherited)",
				);
				GCC_WARN_64_TO_32_BIT_CONVERSION = YES;
				GCC_WARN_ABOUT_RETURN_TYPE = YES_ERROR;
				GCC_WARN_UNDECLARED_SELECTOR = YES;
				GCC_WARN_UNINITIALIZED_AUTOS = YES_AGGRESSIVE;
				GCC_WARN_UNUSED_FUNCTION = YES;
				GCC_WARN_UNUSED_VARIABLE = YES;
				IPHONEOS_DEPLOYMENT_TARGET = 12.1;
				MTL_ENABLE_DEBUG_INFO = INCLUDE_SOURCE;
				MTL_FAST_MATH = YES;
				ONLY_ACTIVE_ARCH = YES;
				SDKROOT = iphoneos;
				SWIFT_ACTIVE_COMPILATION_CONDITIONS = DEBUG;
				SWIFT_OPTIMIZATION_LEVEL = "-Onone";
			};
			name = Debug;
		};
		44FED5BC2217BCE2002EA539 /* Release */ = {
			isa = XCBuildConfiguration;
			buildSettings = {
				ALWAYS_SEARCH_USER_PATHS = NO;
				CLANG_ANALYZER_NONNULL = YES;
				CLANG_ANALYZER_NUMBER_OBJECT_CONVERSION = YES_AGGRESSIVE;
				CLANG_CXX_LANGUAGE_STANDARD = "gnu++14";
				CLANG_CXX_LIBRARY = "libc++";
				CLANG_ENABLE_MODULES = YES;
				CLANG_ENABLE_OBJC_ARC = YES;
				CLANG_ENABLE_OBJC_WEAK = YES;
				CLANG_WARN_BLOCK_CAPTURE_AUTORELEASING = YES;
				CLANG_WARN_BOOL_CONVERSION = YES;
				CLANG_WARN_COMMA = YES;
				CLANG_WARN_CONSTANT_CONVERSION = YES;
				CLANG_WARN_DEPRECATED_OBJC_IMPLEMENTATIONS = YES;
				CLANG_WARN_DIRECT_OBJC_ISA_USAGE = YES_ERROR;
				CLANG_WARN_DOCUMENTATION_COMMENTS = YES;
				CLANG_WARN_EMPTY_BODY = YES;
				CLANG_WARN_ENUM_CONVERSION = YES;
				CLANG_WARN_INFINITE_RECURSION = YES;
				CLANG_WARN_INT_CONVERSION = YES;
				CLANG_WARN_NON_LITERAL_NULL_CONVERSION = YES;
				CLANG_WARN_OBJC_IMPLICIT_RETAIN_SELF = YES;
				CLANG_WARN_OBJC_LITERAL_CONVERSION = YES;
				CLANG_WARN_OBJC_ROOT_CLASS = YES_ERROR;
				CLANG_WARN_RANGE_LOOP_ANALYSIS = YES;
				CLANG_WARN_STRICT_PROTOTYPES = YES;
				CLANG_WARN_SUSPICIOUS_MOVE = YES;
				CLANG_WARN_UNGUARDED_AVAILABILITY = YES_AGGRESSIVE;
				CLANG_WARN_UNREACHABLE_CODE = YES;
				CLANG_WARN__DUPLICATE_METHOD_MATCH = YES;
				CODE_SIGN_IDENTITY = "iPhone Developer";
				COPY_PHASE_STRIP = NO;
				DEBUG_INFORMATION_FORMAT = "dwarf-with-dsym";
				ENABLE_NS_ASSERTIONS = NO;
				ENABLE_STRICT_OBJC_MSGSEND = YES;
				GCC_C_LANGUAGE_STANDARD = gnu11;
				GCC_NO_COMMON_BLOCKS = YES;
				GCC_WARN_64_TO_32_BIT_CONVERSION = YES;
				GCC_WARN_ABOUT_RETURN_TYPE = YES_ERROR;
				GCC_WARN_UNDECLARED_SELECTOR = YES;
				GCC_WARN_UNINITIALIZED_AUTOS = YES_AGGRESSIVE;
				GCC_WARN_UNUSED_FUNCTION = YES;
				GCC_WARN_UNUSED_VARIABLE = YES;
				IPHONEOS_DEPLOYMENT_TARGET = 12.1;
				MTL_ENABLE_DEBUG_INFO = NO;
				MTL_FAST_MATH = YES;
				SDKROOT = iphoneos;
				SWIFT_COMPILATION_MODE = wholemodule;
				SWIFT_OPTIMIZATION_LEVEL = "-O";
				VALIDATE_PRODUCT = YES;
			};
			name = Release;
		};
		44FED5BE2217BCE2002EA539 /* Debug */ = {
			isa = XCBuildConfiguration;
			buildSettings = {
				ASSETCATALOG_COMPILER_APPICON_NAME = AppIcon;
				CODE_SIGN_IDENTITY = "iPhone Developer";
				CODE_SIGN_STYLE = Automatic;
				DEVELOPMENT_TEAM = ZQULK99ND9;
				INFOPLIST_FILE = Planets/Info.plist;
				LD_RUNPATH_SEARCH_PATHS = (
					"$(inherited)",
					"@executable_path/Frameworks",
				);
				PRODUCT_BUNDLE_IDENTIFIER = com.xxxx.Planets;
				PRODUCT_NAME = "$(TARGET_NAME)";
				PROVISIONING_PROFILE_SPECIFIER = "";
				SWIFT_VERSION = 4.2;
				TARGETED_DEVICE_FAMILY = "1,2";
			};
			name = Debug;
		};
		44FED5BF2217BCE2002EA539 /* Release */ = {
			isa = XCBuildConfiguration;
			buildSettings = {
				ASSETCATALOG_COMPILER_APPICON_NAME = AppIcon;
				CODE_SIGN_IDENTITY = "iPhone Developer";
				CODE_SIGN_STYLE = Automatic;
				DEVELOPMENT_TEAM = ZQULK99ND9;
				INFOPLIST_FILE = Planets/Info.plist;
				LD_RUNPATH_SEARCH_PATHS = (
					"$(inherited)",
					"@executable_path/Frameworks",
				);
				PRODUCT_BUNDLE_IDENTIFIER = com.xxxx.Planets;
				PRODUCT_NAME = "$(TARGET_NAME)";
				PROVISIONING_PROFILE_SPECIFIER = "";
				SWIFT_VERSION = 4.2;
				TARGETED_DEVICE_FAMILY = "1,2";
			};
			name = Release;
		};
/* End XCBuildConfiguration section */

/* Begin XCConfigurationList section */
		44FED5A62217BCE1002EA539 /* Build configuration list for PBXProject "Planets" */ = {
			isa = XCConfigurationList;
			buildConfigurations = (
				44FED5BB2217BCE2002EA539 /* Debug */,
				44FED5BC2217BCE2002EA539 /* Release */,
			);
			defaultConfigurationIsVisible = 0;
			defaultConfigurationName = Release;
		};
		44FED5BD2217BCE2002EA539 /* Build configuration list for PBXNativeTarget "Planets" */ = {
			isa = XCConfigurationList;
			buildConfigurations = (
				44FED5BE2217BCE2002EA539 /* Debug */,
				44FED5BF2217BCE2002EA539 /* Release */,
			);
			defaultConfigurationIsVisible = 0;
			defaultConfigurationName = Release;
		};
/* End XCConfigurationList section */
	};
	rootObject = 44FED5A32217BCE1002EA539 /* Project object */;
}
